{
  "name": "env_testing",
  "lockfileVersion": 3,
  "requires": true,
  "packages": {
    "": {
      "dependencies": {
        "@fontsource-variable/onest": "^5.0.3"
      }
    },
    "node_modules/@fontsource-variable/onest": {
      "version": "5.0.3",
      "resolved": "https://registry.npmjs.org/@fontsource-variable/onest/-/onest-5.0.3.tgz",
      "integrity": "sha512-vqeDrKg3Ysl4rOepz2N6PnFZ+/EjrmhOv9/pJ+tCn0y00ralsEsCog0xPK6T1hx8Vt70agNR4Jb9C+KWr/K3sg=="
    }
  }
}
